
Microsoft Visual Studio Solution File, Format Version 12.00
# Visual Studio 2013
VisualStudioVersion = 12.0.21005.1
MinimumVisualStudioVersion = 10.0.40219.1
Project("{8BC9CEB8-8B4A-11D0-8D11-00A0C91BC942}") = "homework9", "homework9\homework9.vcxproj", "{D1623EF7-A3F8-4765-9AFB-52ECA7C38879}"
EndProject
Global
	GlobalSection(SolutionConfigurationPlatforms) = preSolution
		Debug|Win32 = Debug|Win32
		Release|Win32 = Release|Win32
	EndGlobalSection
	GlobalSection(ProjectConfigurationPlatforms) = postSolution
		{D1623EF7-A3F8-4765-9AFB-52ECA7C38879}.Debug|Win32.ActiveCfg = Debug|Win32
		{D1623EF7-A3F8-4765-9AFB-52ECA7C38879}.Debug|Win32.Build.0 = Debug|Win32
		{D1623EF7-A3F8-4765-9AFB-52ECA7C38879}.Release|Win32.ActiveCfg = Release|Win32
		{D1623EF7-A3F8-4765-9AFB-52ECA7C38879}.Release|Win32.Build.0 = Release|Win32
	EndGlobalSection
	GlobalSection(SolutionProperties) = preSolution
		HideSolutionNode = FALSE
	EndGlobalSection
EndGlobal
